// !$*UTF8*$!
{
	archiveVersion = 1;
	classes = {
	};
	objectVersion = 48;
	objects = {

/* Begin PBXBuildFile section */
		6470AB0402660EA1E80F2855 /* Pods_CryptoTracker.framework in Frameworks */ = {isa = PBXBuildFile; fileRef = 09303BFD3BBE8FACD4AFBAE6 /* Pods_CryptoTracker.framework */; };
		9D18AD0E2016C61A00BCA5B3 /* ViewControllerTests.swift in Sources */ = {isa = PBXBuildFile; fileRef = 9D18AD0D2016C61A00BCA5B3 /* ViewControllerTests.swift */; };
		9D18AD102016C9D900BCA5B3 /* DateAxisValueFormatterTests.swift in Sources */ = {isa = PBXBuildFile; fileRef = 9D18AD0F2016C9D900BCA5B3 /* DateAxisValueFormatterTests.swift */; };
		9D18AD122016CEED00BCA5B3 /* DateAxisValueFormatter.swift in Sources */ = {isa = PBXBuildFile; fileRef = 9D18AD112016CEED00BCA5B3 /* DateAxisValueFormatter.swift */; };
		9D45133B2015187000161C77 /* CryptoCompareClient.swift in Sources */ = {isa = PBXBuildFile; fileRef = 9D45133A2015187000161C77 /* CryptoCompareClient.swift */; };
		9D4513432015198400161C77 /* CryptoCompareIntegrationTests.swift in Sources */ = {isa = PBXBuildFile; fileRef = 9D4513422015198400161C77 /* CryptoCompareIntegrationTests.swift */; };
		9D45134B20151B7200161C77 /* Podfile in Resources */ = {isa = PBXBuildFile; fileRef = 9D45134A20151B7200161C77 /* Podfile */; };
		9D4B0EB0200FFAF0009FA454 /* AppDelegate.swift in Sources */ = {isa = PBXBuildFile; fileRef = 9D4B0EAF200FFAF0009FA454 /* AppDelegate.swift */; };
		9D4B0EB2200FFAF0009FA454 /* ViewController.swift in Sources */ = {isa = PBXBuildFile; fileRef = 9D4B0EB1200FFAF0009FA454 /* ViewController.swift */; };
		9D4B0EB5200FFAF0009FA454 /* Main.storyboard in Resources */ = {isa = PBXBuildFile; fileRef = 9D4B0EB3200FFAF0009FA454 /* Main.storyboard */; };
		9D4B0EB7200FFAF0009FA454 /* Assets.xcassets in Resources */ = {isa = PBXBuildFile; fileRef = 9D4B0EB6200FFAF0009FA454 /* Assets.xcassets */; };
		9D4B0EBA200FFAF0009FA454 /* LaunchScreen.storyboard in Resources */ = {isa = PBXBuildFile; fileRef = 9D4B0EB8200FFAF0009FA454 /* LaunchScreen.storyboard */; };
		9D4B0EC5200FFAF0009FA454 /* CryptoCompareResponseTests.swift in Sources */ = {isa = PBXBuildFile; fileRef = 9D4B0EC4200FFAF0009FA454 /* CryptoCompareResponseTests.swift */; };
		9D4B0ED0200FFAF0009FA454 /* CryptoTrackerUITests.swift in Sources */ = {isa = PBXBuildFile; fileRef = 9D4B0ECF200FFAF0009FA454 /* CryptoTrackerUITests.swift */; };
		9D9092C22013B17900C4E80D /* CryptoCompareResponse.json in Resources */ = {isa = PBXBuildFile; fileRef = 9D9092C12013B17900C4E80D /* CryptoCompareResponse.json */; };
		9D9092C42013BA0C00C4E80D /* Models.swift in Sources */ = {isa = PBXBuildFile; fileRef = 9D9092C32013BA0C00C4E80D /* Models.swift */; };
/* End PBXBuildFile section */

/* Begin PBXContainerItemProxy section */
		9D4513452015198400161C77 /* PBXContainerItemProxy */ = {
			isa = PBXContainerItemProxy;
			containerPortal = 9D4B0EA4200FFAF0009FA454 /* Project object */;
			proxyType = 1;
			remoteGlobalIDString = 9D4B0EAB200FFAF0009FA454;
			remoteInfo = CryptoTracker;
		};
		9D4B0EC1200FFAF0009FA454 /* PBXContainerItemProxy */ = {
			isa = PBXContainerItemProxy;
			containerPortal = 9D4B0EA4200FFAF0009FA454 /* Project object */;
			proxyType = 1;
			remoteGlobalIDString = 9D4B0EAB200FFAF0009FA454;
			remoteInfo = CryptoTracker;
		};
		9D4B0ECC200FFAF0009FA454 /* PBXContainerItemProxy */ = {
			isa = PBXContainerItemProxy;
			containerPortal = 9D4B0EA4200FFAF0009FA454 /* Project object */;
			proxyType = 1;
			remoteGlobalIDString = 9D4B0EAB200FFAF0009FA454;
			remoteInfo = CryptoTracker;
		};
/* End PBXContainerItemProxy section */

/* Begin PBXFileReference section */
		09303BFD3BBE8FACD4AFBAE6 /* Pods_CryptoTracker.framework */ = {isa = PBXFileReference; explicitFileType = wrapper.framework; includeInIndex = 0; path = Pods_CryptoTracker.framework; sourceTree = BUILT_PRODUCTS_DIR; };
		1F353A3E58252962084F5EFC /* Pods-CryptoTracker.debug.xcconfig */ = {isa = PBXFileReference; includeInIndex = 1; lastKnownFileType = text.xcconfig; name = "Pods-CryptoTracker.debug.xcconfig"; path = "Pods/Target Support Files/Pods-CryptoTracker/Pods-CryptoTracker.debug.xcconfig"; sourceTree = "<group>"; };
		5BD98AAFE6CE0F47BF222D16 /* Pods-CryptoTracker.release.xcconfig */ = {isa = PBXFileReference; includeInIndex = 1; lastKnownFileType = text.xcconfig; name = "Pods-CryptoTracker.release.xcconfig"; path = "Pods/Target Support Files/Pods-CryptoTracker/Pods-CryptoTracker.release.xcconfig"; sourceTree = "<group>"; };
		9D18AD0D2016C61A00BCA5B3 /* ViewControllerTests.swift */ = {isa = PBXFileReference; lastKnownFileType = sourcecode.swift; name = ViewControllerTests.swift; path = CryptoTrackerTests/ViewControllerTests.swift; sourceTree = SOURCE_ROOT; };
		9D18AD0F2016C9D900BCA5B3 /* DateAxisValueFormatterTests.swift */ = {isa = PBXFileReference; lastKnownFileType = sourcecode.swift; path = DateAxisValueFormatterTests.swift; sourceTree = "<group>"; };
		9D18AD112016CEED00BCA5B3 /* DateAxisValueFormatter.swift */ = {isa = PBXFileReference; lastKnownFileType = sourcecode.swift; path = DateAxisValueFormatter.swift; sourceTree = "<group>"; };
		9D45133A2015187000161C77 /* CryptoCompareClient.swift */ = {isa = PBXFileReference; lastKnownFileType = sourcecode.swift; path = CryptoCompareClient.swift; sourceTree = "<group>"; };
		9D4513402015198400161C77 /* CryptoCompareIntegrationTests.xctest */ = {isa = PBXFileReference; explicitFileType = wrapper.cfbundle; includeInIndex = 0; path = CryptoCompareIntegrationTests.xctest; sourceTree = BUILT_PRODUCTS_DIR; };
		9D4513422015198400161C77 /* CryptoCompareIntegrationTests.swift */ = {isa = PBXFileReference; lastKnownFileType = sourcecode.swift; path = CryptoCompareIntegrationTests.swift; sourceTree = "<group>"; };
		9D4513442015198400161C77 /* Info.plist */ = {isa = PBXFileReference; lastKnownFileType = text.plist.xml; path = Info.plist; sourceTree = "<group>"; };
		9D45134A20151B7200161C77 /* Podfile */ = {isa = PBXFileReference; fileEncoding = 4; lastKnownFileType = text; path = Podfile; sourceTree = "<group>"; xcLanguageSpecificationIdentifier = xcode.lang.ruby; };
		9D4B0EAC200FFAF0009FA454 /* CryptoTracker.app */ = {isa = PBXFileReference; explicitFileType = wrapper.application; includeInIndex = 0; path = CryptoTracker.app; sourceTree = BUILT_PRODUCTS_DIR; };
		9D4B0EAF200FFAF0009FA454 /* AppDelegate.swift */ = {isa = PBXFileReference; lastKnownFileType = sourcecode.swift; path = AppDelegate.swift; sourceTree = "<group>"; };
		9D4B0EB1200FFAF0009FA454 /* ViewController.swift */ = {isa = PBXFileReference; lastKnownFileType = sourcecode.swift; path = ViewController.swift; sourceTree = "<group>"; };
		9D4B0EB4200FFAF0009FA454 /* Base */ = {isa = PBXFileReference; lastKnownFileType = file.storyboard; name = Base; path = Base.lproj/Main.storyboard; sourceTree = "<group>"; };
		9D4B0EB6200FFAF0009FA454 /* Assets.xcassets */ = {isa = PBXFileReference; lastKnownFileType = folder.assetcatalog; path = Assets.xcassets; sourceTree = "<group>"; };
		9D4B0EB9200FFAF0009FA454 /* Base */ = {isa = PBXFileReference; lastKnownFileType = file.storyboard; name = Base; path = Base.lproj/LaunchScreen.storyboard; sourceTree = "<group>"; };
		9D4B0EBB200FFAF0009FA454 /* Info.plist */ = {isa = PBXFileReference; lastKnownFileType = text.plist.xml; path = Info.plist; sourceTree = "<group>"; };
		9D4B0EC0200FFAF0009FA454 /* CryptoTrackerTests.xctest */ = {isa = PBXFileReference; explicitFileType = wrapper.cfbundle; includeInIndex = 0; path = CryptoTrackerTests.xctest; sourceTree = BUILT_PRODUCTS_DIR; };
		9D4B0EC4200FFAF0009FA454 /* CryptoCompareResponseTests.swift */ = {isa = PBXFileReference; lastKnownFileType = sourcecode.swift; path = CryptoCompareResponseTests.swift; sourceTree = "<group>"; };
		9D4B0EC6200FFAF0009FA454 /* Info.plist */ = {isa = PBXFileReference; lastKnownFileType = text.plist.xml; path = Info.plist; sourceTree = "<group>"; };
		9D4B0ECB200FFAF0009FA454 /* CryptoTrackerUITests.xctest */ = {isa = PBXFileReference; explicitFileType = wrapper.cfbundle; includeInIndex = 0; path = CryptoTrackerUITests.xctest; sourceTree = BUILT_PRODUCTS_DIR; };
		9D4B0ECF200FFAF0009FA454 /* CryptoTrackerUITests.swift */ = {isa = PBXFileReference; lastKnownFileType = sourcecode.swift; path = CryptoTrackerUITests.swift; sourceTree = "<group>"; };
		9D4B0ED1200FFAF0009FA454 /* Info.plist */ = {isa = PBXFileReference; lastKnownFileType = text.plist.xml; path = Info.plist; sourceTree = "<group>"; };
		9D9092C12013B17900C4E80D /* CryptoCompareResponse.json */ = {isa = PBXFileReference; lastKnownFileType = text.json; path = CryptoCompareResponse.json; sourceTree = "<group>"; };
		9D9092C32013BA0C00C4E80D /* Models.swift */ = {isa = PBXFileReference; lastKnownFileType = sourcecode.swift; path = Models.swift; sourceTree = "<group>"; };
/* End PBXFileReference section */

/* Begin PBXFrameworksBuildPhase section */
		9D45133D2015198400161C77 /* Frameworks */ = {
			isa = PBXFrameworksBuildPhase;
			buildActionMask = 2147483647;
			files = (
			);
			runOnlyForDeploymentPostprocessing = 0;
		};
		9D4B0EA9200FFAF0009FA454 /* Frameworks */ = {
			isa = PBXFrameworksBuildPhase;
			buildActionMask = 2147483647;
			files = (
				6470AB0402660EA1E80F2855 /* Pods_CryptoTracker.framework in Frameworks */,
			);
			runOnlyForDeploymentPostprocessing = 0;
		};
		9D4B0EBD200FFAF0009FA454 /* Frameworks */ = {
			isa = PBXFrameworksBuildPhase;
			buildActionMask = 2147483647;
			files = (
			);
			runOnlyForDeploymentPostprocessing = 0;
		};
		9D4B0EC8200FFAF0009FA454 /* Frameworks */ = {
			isa = PBXFrameworksBuildPhase;
			buildActionMask = 2147483647;
			files = (
			);
			runOnlyForDeploymentPostprocessing = 0;
		};
/* End PBXFrameworksBuildPhase section */

/* Begin PBXGroup section */
		3992C7EAF1FDFFE22E2E69B7 /* Pods */ = {
			isa = PBXGroup;
			children = (
				1F353A3E58252962084F5EFC /* Pods-CryptoTracker.debug.xcconfig */,
				5BD98AAFE6CE0F47BF222D16 /* Pods-CryptoTracker.release.xcconfig */,
			);
			name = Pods;
			sourceTree = "<group>";
		};
		9D4513412015198400161C77 /* CryptoCompareIntegrationTests */ = {
			isa = PBXGroup;
			children = (
				9D4513422015198400161C77 /* CryptoCompareIntegrationTests.swift */,
				9D4513442015198400161C77 /* Info.plist */,
			);
			path = CryptoCompareIntegrationTests;
			sourceTree = "<group>";
		};
		9D4B0EA3200FFAF0009FA454 = {
			isa = PBXGroup;
			children = (
				9D45134A20151B7200161C77 /* Podfile */,
				9D4B0EAE200FFAF0009FA454 /* CryptoTracker */,
				9D4B0EC3200FFAF0009FA454 /* CryptoTrackerTests */,
				9D4B0ECE200FFAF0009FA454 /* CryptoTrackerUITests */,
				9D4513412015198400161C77 /* CryptoCompareIntegrationTests */,
				9D4B0EAD200FFAF0009FA454 /* Products */,
				3992C7EAF1FDFFE22E2E69B7 /* Pods */,
				A4D3F82FCCE8B6A6B4B0A64F /* Frameworks */,
			);
			sourceTree = "<group>";
		};
		9D4B0EAD200FFAF0009FA454 /* Products */ = {
			isa = PBXGroup;
			children = (
				9D4B0EAC200FFAF0009FA454 /* CryptoTracker.app */,
				9D4B0EC0200FFAF0009FA454 /* CryptoTrackerTests.xctest */,
				9D4B0ECB200FFAF0009FA454 /* CryptoTrackerUITests.xctest */,
				9D4513402015198400161C77 /* CryptoCompareIntegrationTests.xctest */,
			);
			name = Products;
			sourceTree = "<group>";
		};
		9D4B0EAE200FFAF0009FA454 /* CryptoTracker */ = {
			isa = PBXGroup;
			children = (
				9D45133A2015187000161C77 /* CryptoCompareClient.swift */,
				9D9092C32013BA0C00C4E80D /* Models.swift */,
				9D18AD112016CEED00BCA5B3 /* DateAxisValueFormatter.swift */,
				9D4B0EAF200FFAF0009FA454 /* AppDelegate.swift */,
				9D4B0EB1200FFAF0009FA454 /* ViewController.swift */,
				9D4B0EB3200FFAF0009FA454 /* Main.storyboard */,
				9D4B0EB6200FFAF0009FA454 /* Assets.xcassets */,
				9D4B0EB8200FFAF0009FA454 /* LaunchScreen.storyboard */,
				9D4B0EBB200FFAF0009FA454 /* Info.plist */,
			);
			path = CryptoTracker;
			sourceTree = "<group>";
		};
		9D4B0EC3200FFAF0009FA454 /* CryptoTrackerTests */ = {
			isa = PBXGroup;
			children = (
				9D18AD0D2016C61A00BCA5B3 /* ViewControllerTests.swift */,
				9D18AD0F2016C9D900BCA5B3 /* DateAxisValueFormatterTests.swift */,
				9D9092C12013B17900C4E80D /* CryptoCompareResponse.json */,
				9D4B0EC4200FFAF0009FA454 /* CryptoCompareResponseTests.swift */,
				9D4B0EC6200FFAF0009FA454 /* Info.plist */,
			);
			path = CryptoTrackerTests;
			sourceTree = "<group>";
		};
		9D4B0ECE200FFAF0009FA454 /* CryptoTrackerUITests */ = {
			isa = PBXGroup;
			children = (
				9D4B0ECF200FFAF0009FA454 /* CryptoTrackerUITests.swift */,
				9D4B0ED1200FFAF0009FA454 /* Info.plist */,
			);
			path = CryptoTrackerUITests;
			sourceTree = "<group>";
		};
		A4D3F82FCCE8B6A6B4B0A64F /* Frameworks */ = {
			isa = PBXGroup;
			children = (
				09303BFD3BBE8FACD4AFBAE6 /* Pods_CryptoTracker.framework */,
			);
			name = Frameworks;
			sourceTree = "<group>";
		};
/* End PBXGroup section */

/* Begin PBXNativeTarget section */
		9D45133F2015198400161C77 /* CryptoCompareIntegrationTests */ = {
			isa = PBXNativeTarget;
			buildConfigurationList = 9D4513472015198400161C77 /* Build configuration list for PBXNativeTarget "CryptoCompareIntegrationTests" */;
			buildPhases = (
				9D45133C2015198400161C77 /* Sources */,
				9D45133D2015198400161C77 /* Frameworks */,
				9D45133E2015198400161C77 /* Resources */,
			);
			buildRules = (
			);
			dependencies = (
				9D4513462015198400161C77 /* PBXTargetDependency */,
			);
			name = CryptoCompareIntegrationTests;
			productName = CryptoCompareIntegrationTests;
			productReference = 9D4513402015198400161C77 /* CryptoCompareIntegrationTests.xctest */;
			productType = "com.apple.product-type.bundle.unit-test";
		};
		9D4B0EAB200FFAF0009FA454 /* CryptoTracker */ = {
			isa = PBXNativeTarget;
			buildConfigurationList = 9D4B0ED4200FFAF0009FA454 /* Build configuration list for PBXNativeTarget "CryptoTracker" */;
			buildPhases = (
				D7B064B1C7CF11ECC3B37994 /* [CP] Check Pods Manifest.lock */,
				9D4B0EA8200FFAF0009FA454 /* Sources */,
				9D4B0EA9200FFAF0009FA454 /* Frameworks */,
				9D4B0EAA200FFAF0009FA454 /* Resources */,
				EF393853C09D10E7A3C26A60 /* [CP] Embed Pods Frameworks */,
				7A0EDB30A9C009C1B7C776F1 /* [CP] Copy Pods Resources */,
			);
			buildRules = (
			);
			dependencies = (
			);
			name = CryptoTracker;
			productName = CryptoTracker;
			productReference = 9D4B0EAC200FFAF0009FA454 /* CryptoTracker.app */;
			productType = "com.apple.product-type.application";
		};
		9D4B0EBF200FFAF0009FA454 /* CryptoTrackerTests */ = {
			isa = PBXNativeTarget;
			buildConfigurationList = 9D4B0ED7200FFAF0009FA454 /* Build configuration list for PBXNativeTarget "CryptoTrackerTests" */;
			buildPhases = (
				9D4B0EBC200FFAF0009FA454 /* Sources */,
				9D4B0EBD200FFAF0009FA454 /* Frameworks */,
				9D4B0EBE200FFAF0009FA454 /* Resources */,
			);
			buildRules = (
			);
			dependencies = (
				9D4B0EC2200FFAF0009FA454 /* PBXTargetDependency */,
			);
			name = CryptoTrackerTests;
			productName = CryptoTrackerTests;
			productReference = 9D4B0EC0200FFAF0009FA454 /* CryptoTrackerTests.xctest */;
			productType = "com.apple.product-type.bundle.unit-test";
		};
		9D4B0ECA200FFAF0009FA454 /* CryptoTrackerUITests */ = {
			isa = PBXNativeTarget;
			buildConfigurationList = 9D4B0EDA200FFAF0009FA454 /* Build configuration list for PBXNativeTarget "CryptoTrackerUITests" */;
			buildPhases = (
				9D4B0EC7200FFAF0009FA454 /* Sources */,
				9D4B0EC8200FFAF0009FA454 /* Frameworks */,
				9D4B0EC9200FFAF0009FA454 /* Resources */,
			);
			buildRules = (
			);
			dependencies = (
				9D4B0ECD200FFAF0009FA454 /* PBXTargetDependency */,
			);
			name = CryptoTrackerUITests;
			productName = CryptoTrackerUITests;
			productReference = 9D4B0ECB200FFAF0009FA454 /* CryptoTrackerUITests.xctest */;
			productType = "com.apple.product-type.bundle.ui-testing";
		};
/* End PBXNativeTarget section */

/* Begin PBXProject section */
		9D4B0EA4200FFAF0009FA454 /* Project object */ = {
			isa = PBXProject;
			attributes = {
				LastSwiftUpdateCheck = 0920;
				LastUpgradeCheck = 0920;
				ORGANIZATIONNAME = "Sean Olszewski";
				TargetAttributes = {
					9D45133F2015198400161C77 = {
						CreatedOnToolsVersion = 9.2;
						ProvisioningStyle = Automatic;
						TestTargetID = 9D4B0EAB200FFAF0009FA454;
					};
					9D4B0EAB200FFAF0009FA454 = {
						CreatedOnToolsVersion = 9.2;
						ProvisioningStyle = Automatic;
					};
					9D4B0EBF200FFAF0009FA454 = {
						CreatedOnToolsVersion = 9.2;
						ProvisioningStyle = Automatic;
						TestTargetID = 9D4B0EAB200FFAF0009FA454;
					};
					9D4B0ECA200FFAF0009FA454 = {
						CreatedOnToolsVersion = 9.2;
						ProvisioningStyle = Automatic;
						TestTargetID = 9D4B0EAB200FFAF0009FA454;
					};
				};
			};
			buildConfigurationList = 9D4B0EA7200FFAF0009FA454 /* Build configuration list for PBXProject "CryptoTracker" */;
			compatibilityVersion = "Xcode 8.0";
			developmentRegion = en;
			hasScannedForEncodings = 0;
			knownRegions = (
				en,
				Base,
			);
			mainGroup = 9D4B0EA3200FFAF0009FA454;
			productRefGroup = 9D4B0EAD200FFAF0009FA454 /* Products */;
			projectDirPath = "";
			projectRoot = "";
			targets = (
				9D4B0EAB200FFAF0009FA454 /* CryptoTracker */,
				9D4B0EBF200FFAF0009FA454 /* CryptoTrackerTests */,
				9D4B0ECA200FFAF0009FA454 /* CryptoTrackerUITests */,
				9D45133F2015198400161C77 /* CryptoCompareIntegrationTests */,
			);
		};
/* End PBXProject section */

/* Begin PBXResourcesBuildPhase section */
		9D45133E2015198400161C77 /* Resources */ = {
			isa = PBXResourcesBuildPhase;
			buildActionMask = 2147483647;
			files = (
			);
			runOnlyForDeploymentPostprocessing = 0;
		};
		9D4B0EAA200FFAF0009FA454 /* Resources */ = {
			isa = PBXResourcesBuildPhase;
			buildActionMask = 2147483647;
			files = (
				9D4B0EBA200FFAF0009FA454 /* LaunchScreen.storyboard in Resources */,
				9D4B0EB7200FFAF0009FA454 /* Assets.xcassets in Resources */,
				9D45134B20151B7200161C77 /* Podfile in Resources */,
				9D4B0EB5200FFAF0009FA454 /* Main.storyboard in Resources */,
			);
			runOnlyForDeploymentPostprocessing = 0;
		};
		9D4B0EBE200FFAF0009FA454 /* Resources */ = {
			isa = PBXResourcesBuildPhase;
			buildActionMask = 2147483647;
			files = (
				9D9092C22013B17900C4E80D /* CryptoCompareResponse.json in Resources */,
			);
			runOnlyForDeploymentPostprocessing = 0;
		};
		9D4B0EC9200FFAF0009FA454 /* Resources */ = {
			isa = PBXResourcesBuildPhase;
			buildActionMask = 2147483647;
			files = (
			);
			runOnlyForDeploymentPostprocessing = 0;
		};
/* End PBXResourcesBuildPhase section */

/* Begin PBXShellScriptBuildPhase section */
		7A0EDB30A9C009C1B7C776F1 /* [CP] Copy Pods Resources */ = {
			isa = PBXShellScriptBuildPhase;
			buildActionMask = 2147483647;
			files = (
			);
			inputPaths = (
			);
			name = "[CP] Copy Pods Resources";
			outputPaths = (
			);
			runOnlyForDeploymentPostprocessing = 0;
			shellPath = /bin/sh;
			shellScript = "\"${SRCROOT}/Pods/Target Support Files/Pods-CryptoTracker/Pods-CryptoTracker-resources.sh\"\n";
			showEnvVarsInLog = 0;
		};
		D7B064B1C7CF11ECC3B37994 /* [CP] Check Pods Manifest.lock */ = {
			isa = PBXShellScriptBuildPhase;
			buildActionMask = 2147483647;
			files = (
			);
			inputPaths = (
				"${PODS_PODFILE_DIR_PATH}/Podfile.lock",
				"${PODS_ROOT}/Manifest.lock",
			);
			name = "[CP] Check Pods Manifest.lock";
			outputPaths = (
				"$(DERIVED_FILE_DIR)/Pods-CryptoTracker-checkManifestLockResult.txt",
			);
			runOnlyForDeploymentPostprocessing = 0;
			shellPath = /bin/sh;
			shellScript = "diff \"${PODS_PODFILE_DIR_PATH}/Podfile.lock\" \"${PODS_ROOT}/Manifest.lock\" > /dev/null\nif [ $? != 0 ] ; then\n    # print error to STDERR\n    echo \"error: The sandbox is not in sync with the Podfile.lock. Run 'pod install' or update your CocoaPods installation.\" >&2\n    exit 1\nfi\n# This output is used by Xcode 'outputs' to avoid re-running this script phase.\necho \"SUCCESS\" > \"${SCRIPT_OUTPUT_FILE_0}\"\n";
			showEnvVarsInLog = 0;
		};
		EF393853C09D10E7A3C26A60 /* [CP] Embed Pods Frameworks */ = {
			isa = PBXShellScriptBuildPhase;
			buildActionMask = 2147483647;
			files = (
			);
			inputPaths = (
				"${SRCROOT}/Pods/Target Support Files/Pods-CryptoTracker/Pods-CryptoTracker-frameworks.sh",
				"${BUILT_PRODUCTS_DIR}/Charts/Charts.framework",
			);
			name = "[CP] Embed Pods Frameworks";
			outputPaths = (
				"${TARGET_BUILD_DIR}/${FRAMEWORKS_FOLDER_PATH}/Charts.framework",
			);
			runOnlyForDeploymentPostprocessing = 0;
			shellPath = /bin/sh;
			shellScript = "\"${SRCROOT}/Pods/Target Support Files/Pods-CryptoTracker/Pods-CryptoTracker-frameworks.sh\"\n";
			showEnvVarsInLog = 0;
		};
/* End PBXShellScriptBuildPhase section */

/* Begin PBXSourcesBuildPhase section */
		9D45133C2015198400161C77 /* Sources */ = {
			isa = PBXSourcesBuildPhase;
			buildActionMask = 2147483647;
			files = (
				9D4513432015198400161C77 /* CryptoCompareIntegrationTests.swift in Sources */,
			);
			runOnlyForDeploymentPostprocessing = 0;
		};
		9D4B0EA8200FFAF0009FA454 /* Sources */ = {
			isa = PBXSourcesBuildPhase;
			buildActionMask = 2147483647;
			files = (
				9D18AD122016CEED00BCA5B3 /* DateAxisValueFormatter.swift in Sources */,
				9D9092C42013BA0C00C4E80D /* Models.swift in Sources */,
				9D4B0EB2200FFAF0009FA454 /* ViewController.swift in Sources */,
				9D4B0EB0200FFAF0009FA454 /* AppDelegate.swift in Sources */,
				9D45133B2015187000161C77 /* CryptoCompareClient.swift in Sources */,
			);
			runOnlyForDeploymentPostprocessing = 0;
		};
		9D4B0EBC200FFAF0009FA454 /* Sources */ = {
			isa = PBXSourcesBuildPhase;
			buildActionMask = 2147483647;
			files = (
				9D18AD0E2016C61A00BCA5B3 /* ViewControllerTests.swift in Sources */,
				9D18AD102016C9D900BCA5B3 /* DateAxisValueFormatterTests.swift in Sources */,
				9D4B0EC5200FFAF0009FA454 /* CryptoCompareResponseTests.swift in Sources */,
			);
			runOnlyForDeploymentPostprocessing = 0;
		};
		9D4B0EC7200FFAF0009FA454 /* Sources */ = {
			isa = PBXSourcesBuildPhase;
			buildActionMask = 2147483647;
			files = (
				9D4B0ED0200FFAF0009FA454 /* CryptoTrackerUITests.swift in Sources */,
			);
			runOnlyForDeploymentPostprocessing = 0;
		};
/* End PBXSourcesBuildPhase section */

/* Begin PBXTargetDependency section */
		9D4513462015198400161C77 /* PBXTargetDependency */ = {
			isa = PBXTargetDependency;
			target = 9D4B0EAB200FFAF0009FA454 /* CryptoTracker */;
			targetProxy = 9D4513452015198400161C77 /* PBXContainerItemProxy */;
		};
		9D4B0EC2200FFAF0009FA454 /* PBXTargetDependency */ = {
			isa = PBXTargetDependency;
			target = 9D4B0EAB200FFAF0009FA454 /* CryptoTracker */;
			targetProxy = 9D4B0EC1200FFAF0009FA454 /* PBXContainerItemProxy */;
		};
		9D4B0ECD200FFAF0009FA454 /* PBXTargetDependency */ = {
			isa = PBXTargetDependency;
			target = 9D4B0EAB200FFAF0009FA454 /* CryptoTracker */;
			targetProxy = 9D4B0ECC200FFAF0009FA454 /* PBXContainerItemProxy */;
		};
/* End PBXTargetDependency section */

/* Begin PBXVariantGroup section */
		9D4B0EB3200FFAF0009FA454 /* Main.storyboard */ = {
			isa = PBXVariantGroup;
			children = (
				9D4B0EB4200FFAF0009FA454 /* Base */,
			);
			name = Main.storyboard;
			sourceTree = "<group>";
		};
		9D4B0EB8200FFAF0009FA454 /* LaunchScreen.storyboard */ = {
			isa = PBXVariantGroup;
			children = (
				9D4B0EB9200FFAF0009FA454 /* Base */,
			);
			name = LaunchScreen.storyboard;
			sourceTree = "<group>";
		};
/* End PBXVariantGroup section */

/* Begin XCBuildConfiguration section */
		9D4513482015198400161C77 /* Debug */ = {
			isa = XCBuildConfiguration;
			buildSettings = {
				BUNDLE_LOADER = "$(TEST_HOST)";
				CODE_SIGN_STYLE = Automatic;
				INFOPLIST_FILE = CryptoCompareIntegrationTests/Info.plist;
				LD_RUNPATH_SEARCH_PATHS = "$(inherited) @executable_path/Frameworks @loader_path/Frameworks";
				PRODUCT_BUNDLE_IDENTIFIER = chefsky.CryptoCompareIntegrationTests;
				PRODUCT_NAME = "$(TARGET_NAME)";
				SWIFT_VERSION = 4.0;
				TARGETED_DEVICE_FAMILY = "1,2";
				TEST_HOST = "$(BUILT_PRODUCTS_DIR)/CryptoTracker.app/CryptoTracker";
			};
			name = Debug;
		};
		9D4513492015198400161C77 /* Release */ = {
			isa = XCBuildConfiguration;
			buildSettings = {
				BUNDLE_LOADER = "$(TEST_HOST)";
				CODE_SIGN_STYLE = Automatic;
				INFOPLIST_FILE = CryptoCompareIntegrationTests/Info.plist;
				LD_RUNPATH_SEARCH_PATHS = "$(inherited) @executable_path/Frameworks @loader_path/Frameworks";
				PRODUCT_BUNDLE_IDENTIFIER = chefsky.CryptoCompareIntegrationTests;
				PRODUCT_NAME = "$(TARGET_NAME)";
				SWIFT_VERSION = 4.0;
				TARGETED_DEVICE_FAMILY = "1,2";
				TEST_HOST = "$(BUILT_PRODUCTS_DIR)/CryptoTracker.app/CryptoTracker";
			};
			name = Release;
		};
		9D4B0ED2200FFAF0009FA454 /* Debug */ = {
			isa = XCBuildConfiguration;
			buildSettings = {
				ALWAYS_SEARCH_USER_PATHS = NO;
				CLANG_ANALYZER_NONNULL = YES;
				CLANG_ANALYZER_NUMBER_OBJECT_CONVERSION = YES_AGGRESSIVE;
				CLANG_CXX_LANGUAGE_STANDARD = "gnu++14";
				CLANG_CXX_LIBRARY = "libc++";
				CLANG_ENABLE_MODULES = YES;
				CLANG_ENABLE_OBJC_ARC = YES;
				CLANG_WARN_BLOCK_CAPTURE_AUTORELEASING = YES;
				CLANG_WARN_BOOL_CONVERSION = YES;
				CLANG_WARN_COMMA = YES;
				CLANG_WARN_CONSTANT_CONVERSION = YES;
				CLANG_WARN_DIRECT_OBJC_ISA_USAGE = YES_ERROR;
				CLANG_WARN_DOCUMENTATION_COMMENTS = YES;
				CLANG_WARN_EMPTY_BODY = YES;
				CLANG_WARN_ENUM_CONVERSION = YES;
				CLANG_WARN_INFINITE_RECURSION = YES;
				CLANG_WARN_INT_CONVERSION = YES;
				CLANG_WARN_NON_LITERAL_NULL_CONVERSION = YES;
				CLANG_WARN_OBJC_LITERAL_CONVERSION = YES;
				CLANG_WARN_OBJC_ROOT_CLASS = YES_ERROR;
				CLANG_WARN_RANGE_LOOP_ANALYSIS = YES;
				CLANG_WARN_STRICT_PROTOTYPES = YES;
				CLANG_WARN_SUSPICIOUS_MOVE = YES;
				CLANG_WARN_UNGUARDED_AVAILABILITY = YES_AGGRESSIVE;
				CLANG_WARN_UNREACHABLE_CODE = YES;
				CLANG_WARN__DUPLICATE_METHOD_MATCH = YES;
				CODE_SIGN_IDENTITY = "iPhone Developer";
				COPY_PHASE_STRIP = NO;
				DEBUG_INFORMATION_FORMAT = dwarf;
				ENABLE_STRICT_OBJC_MSGSEND = YES;
				ENABLE_TESTABILITY = YES;
				GCC_C_LANGUAGE_STANDARD = gnu11;
				GCC_DYNAMIC_NO_PIC = NO;
				GCC_NO_COMMON_BLOCKS = YES;
				GCC_OPTIMIZATION_LEVEL = 0;
				GCC_PREPROCESSOR_DEFINITIONS = (
					"DEBUG=1",
					"$(inherited)",
				);
				GCC_WARN_64_TO_32_BIT_CONVERSION = YES;
				GCC_WARN_ABOUT_RETURN_TYPE = YES_ERROR;
				GCC_WARN_UNDECLARED_SELECTOR = YES;
				GCC_WARN_UNINITIALIZED_AUTOS = YES_AGGRESSIVE;
				GCC_WARN_UNUSED_FUNCTION = YES;
				GCC_WARN_UNUSED_VARIABLE = YES;
				IPHONEOS_DEPLOYMENT_TARGET = 11.2;
				MTL_ENABLE_DEBUG_INFO = YES;
				ONLY_ACTIVE_ARCH = YES;
				SDKROOT = iphoneos;
				SWIFT_ACTIVE_COMPILATION_CONDITIONS = DEBUG;
				SWIFT_OPTIMIZATION_LEVEL = "-Onone";
			};
			name = Debug;
		};
		9D4B0ED3200FFAF0009FA454 /* Release */ = {
			isa = XCBuildConfiguration;
			buildSettings = {
				ALWAYS_SEARCH_USER_PATHS = NO;
				CLANG_ANALYZER_NONNULL = YES;
				CLANG_ANALYZER_NUMBER_OBJECT_CONVERSION = YES_AGGRESSIVE;
				CLANG_CXX_LANGUAGE_STANDARD = "gnu++14";
				CLANG_CXX_LIBRARY = "libc++";
				CLANG_ENABLE_MODULES = YES;
				CLANG_ENABLE_OBJC_ARC = YES;
				CLANG_WARN_BLOCK_CAPTURE_AUTORELEASING = YES;
				CLANG_WARN_BOOL_CONVERSION = YES;
				CLANG_WARN_COMMA = YES;
				CLANG_WARN_CONSTANT_CONVERSION = YES;
				CLANG_WARN_DIRECT_OBJC_ISA_USAGE = YES_ERROR;
				CLANG_WARN_DOCUMENTATION_COMMENTS = YES;
				CLANG_WARN_EMPTY_BODY = YES;
				CLANG_WARN_ENUM_CONVERSION = YES;
				CLANG_WARN_INFINITE_RECURSION = YES;
				CLANG_WARN_INT_CONVERSION = YES;
				CLANG_WARN_NON_LITERAL_NULL_CONVERSION = YES;
				CLANG_WARN_OBJC_LITERAL_CONVERSION = YES;
				CLANG_WARN_OBJC_ROOT_CLASS = YES_ERROR;
				CLANG_WARN_RANGE_LOOP_ANALYSIS = YES;
				CLANG_WARN_STRICT_PROTOTYPES = YES;
				CLANG_WARN_SUSPICIOUS_MOVE = YES;
				CLANG_WARN_UNGUARDED_AVAILABILITY = YES_AGGRESSIVE;
				CLANG_WARN_UNREACHABLE_CODE = YES;
				CLANG_WARN__DUPLICATE_METHOD_MATCH = YES;
				CODE_SIGN_IDENTITY = "iPhone Developer";
				COPY_PHASE_STRIP = NO;
				DEBUG_INFORMATION_FORMAT = "dwarf-with-dsym";
				ENABLE_NS_ASSERTIONS = NO;
				ENABLE_STRICT_OBJC_MSGSEND = YES;
				GCC_C_LANGUAGE_STANDARD = gnu11;
				GCC_NO_COMMON_BLOCKS = YES;
				GCC_WARN_64_TO_32_BIT_CONVERSION = YES;
				GCC_WARN_ABOUT_RETURN_TYPE = YES_ERROR;
				GCC_WARN_UNDECLARED_SELECTOR = YES;
				GCC_WARN_UNINITIALIZED_AUTOS = YES_AGGRESSIVE;
				GCC_WARN_UNUSED_FUNCTION = YES;
				GCC_WARN_UNUSED_VARIABLE = YES;
				IPHONEOS_DEPLOYMENT_TARGET = 11.2;
				MTL_ENABLE_DEBUG_INFO = NO;
				SDKROOT = iphoneos;
				SWIFT_OPTIMIZATION_LEVEL = "-Owholemodule";
				VALIDATE_PRODUCT = YES;
			};
			name = Release;
		};
		9D4B0ED5200FFAF0009FA454 /* Debug */ = {
			isa = XCBuildConfiguration;
			baseConfigurationReference = 1F353A3E58252962084F5EFC /* Pods-CryptoTracker.debug.xcconfig */;
			buildSettings = {
				ASSETCATALOG_COMPILER_APPICON_NAME = AppIcon;
				CODE_SIGN_STYLE = Automatic;
				INFOPLIST_FILE = CryptoTracker/Info.plist;
				LD_RUNPATH_SEARCH_PATHS = "$(inherited) @executable_path/Frameworks";
				PRODUCT_BUNDLE_IDENTIFIER = chefsky.CryptoTracker;
				PRODUCT_NAME = "$(TARGET_NAME)";
				SWIFT_VERSION = 4.0;
				TARGETED_DEVICE_FAMILY = "1,2";
			};
			name = Debug;
		};
		9D4B0ED6200FFAF0009FA454 /* Release */ = {
			isa = XCBuildConfiguration;
			baseConfigurationReference = 5BD98AAFE6CE0F47BF222D16 /* Pods-CryptoTracker.release.xcconfig */;
			buildSettings = {
				ASSETCATALOG_COMPILER_APPICON_NAME = AppIcon;
				CODE_SIGN_STYLE = Automatic;
				INFOPLIST_FILE = CryptoTracker/Info.plist;
				LD_RUNPATH_SEARCH_PATHS = "$(inherited) @executable_path/Frameworks";
				PRODUCT_BUNDLE_IDENTIFIER = chefsky.CryptoTracker;
				PRODUCT_NAME = "$(TARGET_NAME)";
				SWIFT_VERSION = 4.0;
				TARGETED_DEVICE_FAMILY = "1,2";
			};
			name = Release;
		};
		9D4B0ED8200FFAF0009FA454 /* Debug */ = {
			isa = XCBuildConfiguration;
			buildSettings = {
				ALWAYS_EMBED_SWIFT_STANDARD_LIBRARIES = YES;
				BUNDLE_LOADER = "$(TEST_HOST)";
				CODE_SIGN_STYLE = Automatic;
				INFOPLIST_FILE = CryptoTrackerTests/Info.plist;
				LD_RUNPATH_SEARCH_PATHS = "$(inherited) @executable_path/Frameworks @loader_path/Frameworks";
				PRODUCT_BUNDLE_IDENTIFIER = chefsky.CryptoTrackerTests;
				PRODUCT_NAME = "$(TARGET_NAME)";
				SWIFT_VERSION = 4.0;
				TARGETED_DEVICE_FAMILY = "1,2";
				TEST_HOST = "$(BUILT_PRODUCTS_DIR)/CryptoTracker.app/CryptoTracker";
			};
			name = Debug;
		};
		9D4B0ED9200FFAF0009FA454 /* Release */ = {
			isa = XCBuildConfiguration;
			buildSettings = {
				ALWAYS_EMBED_SWIFT_STANDARD_LIBRARIES = YES;
				BUNDLE_LOADER = "$(TEST_HOST)";
				CODE_SIGN_STYLE = Automatic;
				INFOPLIST_FILE = CryptoTrackerTests/Info.plist;
				LD_RUNPATH_SEARCH_PATHS = "$(inherited) @executable_path/Frameworks @loader_path/Frameworks";
				PRODUCT_BUNDLE_IDENTIFIER = chefsky.CryptoTrackerTests;
				PRODUCT_NAME = "$(TARGET_NAME)";
				SWIFT_VERSION = 4.0;
				TARGETED_DEVICE_FAMILY = "1,2";
				TEST_HOST = "$(BUILT_PRODUCTS_DIR)/CryptoTracker.app/CryptoTracker";
			};
			name = Release;
		};
		9D4B0EDB200FFAF0009FA454 /* Debug */ = {
			isa = XCBuildConfiguration;
			buildSettings = {
				ALWAYS_EMBED_SWIFT_STANDARD_LIBRARIES = YES;
				CODE_SIGN_STYLE = Automatic;
				INFOPLIST_FILE = CryptoTrackerUITests/Info.plist;
				LD_RUNPATH_SEARCH_PATHS = "$(inherited) @executable_path/Frameworks @loader_path/Frameworks";
				PRODUCT_BUNDLE_IDENTIFIER = chefsky.CryptoTrackerUITests;
				PRODUCT_NAME = "$(TARGET_NAME)";
				SWIFT_VERSION = 4.0;
				TARGETED_DEVICE_FAMILY = "1,2";
				TEST_TARGET_NAME = CryptoTracker;
			};
			name = Debug;
		};
		9D4B0EDC200FFAF0009FA454 /* Release */ = {
			isa = XCBuildConfiguration;
			buildSettings = {
				ALWAYS_EMBED_SWIFT_STANDARD_LIBRARIES = YES;
				CODE_SIGN_STYLE = Automatic;
				INFOPLIST_FILE = CryptoTrackerUITests/Info.plist;
				LD_RUNPATH_SEARCH_PATHS = "$(inherited) @executable_path/Frameworks @loader_path/Frameworks";
				PRODUCT_BUNDLE_IDENTIFIER = chefsky.CryptoTrackerUITests;
				PRODUCT_NAME = "$(TARGET_NAME)";
				SWIFT_VERSION = 4.0;
				TARGETED_DEVICE_FAMILY = "1,2";
				TEST_TARGET_NAME = CryptoTracker;
			};
			name = Release;
		};
/* End XCBuildConfiguration section */

/* Begin XCConfigurationList section */
		9D4513472015198400161C77 /* Build configuration list for PBXNativeTarget "CryptoCompareIntegrationTests" */ = {
			isa = XCConfigurationList;
			buildConfigurations = (
				9D4513482015198400161C77 /* Debug */,
				9D4513492015198400161C77 /* Release */,
			);
			defaultConfigurationIsVisible = 0;
			defaultConfigurationName = Release;
		};
		9D4B0EA7200FFAF0009FA454 /* Build configuration list for PBXProject "CryptoTracker" */ = {
			isa = XCConfigurationList;
			buildConfigurations = (
				9D4B0ED2200FFAF0009FA454 /* Debug */,
				9D4B0ED3200FFAF0009FA454 /* Release */,
			);
			defaultConfigurationIsVisible = 0;
			defaultConfigurationName = Release;
		};
		9D4B0ED4200FFAF0009FA454 /* Build configuration list for PBXNativeTarget "CryptoTracker" */ = {
			isa = XCConfigurationList;
			buildConfigurations = (
				9D4B0ED5200FFAF0009FA454 /* Debug */,
				9D4B0ED6200FFAF0009FA454 /* Release */,
			);
			defaultConfigurationIsVisible = 0;
			defaultConfigurationName = Release;
		};
		9D4B0ED7200FFAF0009FA454 /* Build configuration list for PBXNativeTarget "CryptoTrackerTests" */ = {
			isa = XCConfigurationList;
			buildConfigurations = (
				9D4B0ED8200FFAF0009FA454 /* Debug */,
				9D4B0ED9200FFAF0009FA454 /* Release */,
			);
			defaultConfigurationIsVisible = 0;
			defaultConfigurationName = Release;
		};
		9D4B0EDA200FFAF0009FA454 /* Build configuration list for PBXNativeTarget "CryptoTrackerUITests" */ = {
			isa = XCConfigurationList;
			buildConfigurations = (
				9D4B0EDB200FFAF0009FA454 /* Debug */,
				9D4B0EDC200FFAF0009FA454 /* Release */,
			);
			defaultConfigurationIsVisible = 0;
			defaultConfigurationName = Release;
		};
/* End XCConfigurationList section */
	};
	rootObject = 9D4B0EA4200FFAF0009FA454 /* Project object */;
}
